// !$*UTF8*$!
{
	archiveVersion = 1;
	classes = {
	};
	objectVersion = 50;
	objects = {

/* Begin PBXBuildFile section */
		AFC5336226982F3800133359 /* AppDelegate.swift in Sources */ = {isa = PBXBuildFile; fileRef = AFC5336126982F3800133359 /* AppDelegate.swift */; };
		AFC5336426982F3800133359 /* SceneDelegate.swift in Sources */ = {isa = PBXBuildFile; fileRef = AFC5336326982F3800133359 /* SceneDelegate.swift */; };
		AFC5336626982F3800133359 /* ViewController.swift in Sources */ = {isa = PBXBuildFile; fileRef = AFC5336526982F3800133359 /* ViewController.swift */; };
		AFC5336926982F3800133359 /* Main.storyboard in Resources */ = {isa = PBXBuildFile; fileRef = AFC5336726982F3800133359 /* Main.storyboard */; };
		AFC5336B26982F3E00133359 /* Assets.xcassets in Resources */ = {isa = PBXBuildFile; fileRef = AFC5336A26982F3E00133359 /* Assets.xcassets */; };
		AFC5336E26982F3E00133359 /* LaunchScreen.storyboard in Resources */ = {isa = PBXBuildFile; fileRef = AFC5336C26982F3E00133359 /* LaunchScreen.storyboard */; };
		AFC533762698326900133359 /* Holiday.swift in Sources */ = {isa = PBXBuildFile; fileRef = AFC533752698326900133359 /* Holiday.swift */; };
		AFC533782698345200133359 /* HolidayRequest.swift in Sources */ = {isa = PBXBuildFile; fileRef = AFC533772698345200133359 /* HolidayRequest.swift */; };
/* End PBXBuildFile section */

/* Begin PBXFileReference section */
		AFC5335E26982F3800133359 /* HolidayCalenderAPI.app */ = {isa = PBXFileReference; explicitFileType = wrapper.application; includeInIndex = 0; path = HolidayCalenderAPI.app; sourceTree = BUILT_PRODUCTS_DIR; };
		AFC5336126982F3800133359 /* AppDelegate.swift */ = {isa = PBXFileReference; lastKnownFileType = sourcecode.swift; path = AppDelegate.swift; sourceTree = "<group>"; };
		AFC5336326982F3800133359 /* SceneDelegate.swift */ = {isa = PBXFileReference; lastKnownFileType = sourcecode.swift; path = SceneDelegate.swift; sourceTree = "<group>"; };
		AFC5336526982F3800133359 /* ViewController.swift */ = {isa = PBXFileReference; lastKnownFileType = sourcecode.swift; path = ViewController.swift; sourceTree = "<group>"; };
		AFC5336826982F3800133359 /* Base */ = {isa = PBXFileReference; lastKnownFileType = file.storyboard; name = Base; path = Base.lproj/Main.storyboard; sourceTree = "<group>"; };
		AFC5336A26982F3E00133359 /* Assets.xcassets */ = {isa = PBXFileReference; lastKnownFileType = folder.assetcatalog; path = Assets.xcassets; sourceTree = "<group>"; };
		AFC5336D26982F3E00133359 /* Base */ = {isa = PBXFileReference; lastKnownFileType = file.storyboard; name = Base; path = Base.lproj/LaunchScreen.storyboard; sourceTree = "<group>"; };
		AFC5336F26982F3E00133359 /* Info.plist */ = {isa = PBXFileReference; lastKnownFileType = text.plist.xml; path = Info.plist; sourceTree = "<group>"; };
		AFC533752698326900133359 /* Holiday.swift */ = {isa = PBXFileReference; lastKnownFileType = sourcecode.swift; path = Holiday.swift; sourceTree = "<group>"; };
		AFC533772698345200133359 /* HolidayRequest.swift */ = {isa = PBXFileReference; lastKnownFileType = sourcecode.swift; path = HolidayRequest.swift; sourceTree = "<group>"; };
/* End PBXFileReference section */

/* Begin PBXFrameworksBuildPhase section */
		AFC5335B26982F3800133359 /* Frameworks */ = {
			isa = PBXFrameworksBuildPhase;
			buildActionMask = 2147483647;
			files = (
			);
			runOnlyForDeploymentPostprocessing = 0;
		};
/* End PBXFrameworksBuildPhase section */

/* Begin PBXGroup section */
		AFC5335526982F3800133359 = {
			isa = PBXGroup;
			children = (
				AFC5336026982F3800133359 /* HolidayCalenderAPI */,
				AFC5335F26982F3800133359 /* Products */,
			);
			sourceTree = "<group>";
		};
		AFC5335F26982F3800133359 /* Products */ = {
			isa = PBXGroup;
			children = (
				AFC5335E26982F3800133359 /* HolidayCalenderAPI.app */,
			);
			name = Products;
			sourceTree = "<group>";
		};
		AFC5336026982F3800133359 /* HolidayCalenderAPI */ = {
			isa = PBXGroup;
			children = (
				AFC5336126982F3800133359 /* AppDelegate.swift */,
				AFC5336326982F3800133359 /* SceneDelegate.swift */,
				AFC5336526982F3800133359 /* ViewController.swift */,
				AFC533752698326900133359 /* Holiday.swift */,
				AFC533772698345200133359 /* HolidayRequest.swift */,
				AFC5336726982F3800133359 /* Main.storyboard */,
				AFC5336A26982F3E00133359 /* Assets.xcassets */,
				AFC5336C26982F3E00133359 /* LaunchScreen.storyboard */,
				AFC5336F26982F3E00133359 /* Info.plist */,
			);
			path = HolidayCalenderAPI;
			sourceTree = "<group>";
		};
/* End PBXGroup section */

/* Begin PBXNativeTarget section */
		AFC5335D26982F3800133359 /* HolidayCalenderAPI */ = {
			isa = PBXNativeTarget;
			buildConfigurationList = AFC5337226982F3E00133359 /* Build configuration list for PBXNativeTarget "HolidayCalenderAPI" */;
			buildPhases = (
				AFC5335A26982F3800133359 /* Sources */,
				AFC5335B26982F3800133359 /* Frameworks */,
				AFC5335C26982F3800133359 /* Resources */,
			);
			buildRules = (
			);
			dependencies = (
			);
			name = HolidayCalenderAPI;
			productName = HolidayCalenderAPI;
			productReference = AFC5335E26982F3800133359 /* HolidayCalenderAPI.app */;
			productType = "com.apple.product-type.application";
		};
/* End PBXNativeTarget section */

/* Begin PBXProject section */
		AFC5335626982F3800133359 /* Project object */ = {
			isa = PBXProject;
			attributes = {
				LastSwiftUpdateCheck = 1250;
				LastUpgradeCheck = 1250;
				TargetAttributes = {
					AFC5335D26982F3800133359 = {
						CreatedOnToolsVersion = 12.5;
					};
				};
			};
			buildConfigurationList = AFC5335926982F3800133359 /* Build configuration list for PBXProject "HolidayCalenderAPI" */;
			compatibilityVersion = "Xcode 9.3";
			developmentRegion = en;
			hasScannedForEncodings = 0;
			knownRegions = (
				en,
				Base,
			);
			mainGroup = AFC5335526982F3800133359;
			productRefGroup = AFC5335F26982F3800133359 /* Products */;
			projectDirPath = "";
			projectRoot = "";
			targets = (
				AFC5335D26982F3800133359 /* HolidayCalenderAPI */,
			);
		};
/* End PBXProject section */

/* Begin PBXResourcesBuildPhase section */
		AFC5335C26982F3800133359 /* Resources */ = {
			isa = PBXResourcesBuildPhase;
			buildActionMask = 2147483647;
			files = (
				AFC5336E26982F3E00133359 /* LaunchScreen.storyboard in Resources */,
				AFC5336B26982F3E00133359 /* Assets.xcassets in Resources */,
				AFC5336926982F3800133359 /* Main.storyboard in Resources */,
			);
			runOnlyForDeploymentPostprocessing = 0;
		};
/* End PBXResourcesBuildPhase section */

/* Begin PBXSourcesBuildPhase section */
		AFC5335A26982F3800133359 /* Sources */ = {
			isa = PBXSourcesBuildPhase;
			buildActionMask = 2147483647;
			files = (
				AFC5336626982F3800133359 /* ViewController.swift in Sources */,
				AFC533782698345200133359 /* HolidayRequest.swift in Sources */,
				AFC533762698326900133359 /* Holiday.swift in Sources */,
				AFC5336226982F3800133359 /* AppDelegate.swift in Sources */,
				AFC5336426982F3800133359 /* SceneDelegate.swift in Sources */,
			);
			runOnlyForDeploymentPostprocessing = 0;
		};
/* End PBXSourcesBuildPhase section */

/* Begin PBXVariantGroup section */
		AFC5336726982F3800133359 /* Main.storyboard */ = {
			isa = PBXVariantGroup;
			children = (
				AFC5336826982F3800133359 /* Base */,
			);
			name = Main.storyboard;
			sourceTree = "<group>";
		};
		AFC5336C26982F3E00133359 /* LaunchScreen.storyboard */ = {
			isa = PBXVariantGroup;
			children = (
				AFC5336D26982F3E00133359 /* Base */,
			);
			name = LaunchScreen.storyboard;
			sourceTree = "<group>";
		};
/* End PBXVariantGroup section */

/* Begin XCBuildConfiguration section */
		AFC5337026982F3E00133359 /* Debug */ = {
			isa = XCBuildConfiguration;
			buildSettings = {
				ALWAYS_SEARCH_USER_PATHS = NO;
				CLANG_ANALYZER_NONNULL = YES;
				CLANG_ANALYZER_NUMBER_OBJECT_CONVERSION = YES_AGGRESSIVE;
				CLANG_CXX_LANGUAGE_STANDARD = "gnu++14";
				CLANG_CXX_LIBRARY = "libc++";
				CLANG_ENABLE_MODULES = YES;
				CLANG_ENABLE_OBJC_ARC = YES;
				CLANG_ENABLE_OBJC_WEAK = YES;
				CLANG_WARN_BLOCK_CAPTURE_AUTORELEASING = YES;
				CLANG_WARN_BOOL_CONVERSION = YES;
				CLANG_WARN_COMMA = YES;
				CLANG_WARN_CONSTANT_CONVERSION = YES;
				CLANG_WARN_DEPRECATED_OBJC_IMPLEMENTATIONS = YES;
				CLANG_WARN_DIRECT_OBJC_ISA_USAGE = YES_ERROR;
				CLANG_WARN_DOCUMENTATION_COMMENTS = YES;
				CLANG_WARN_EMPTY_BODY = YES;
				CLANG_WARN_ENUM_CONVERSION = YES;
				CLANG_WARN_INFINITE_RECURSION = YES;
				CLANG_WARN_INT_CONVERSION = YES;
				CLANG_WARN_NON_LITERAL_NULL_CONVERSION = YES;
				CLANG_WARN_OBJC_IMPLICIT_RETAIN_SELF = YES;
				CLANG_WARN_OBJC_LITERAL_CONVERSION = YES;
				CLANG_WARN_OBJC_ROOT_CLASS = YES_ERROR;
				CLANG_WARN_QUOTED_INCLUDE_IN_FRAMEWORK_HEADER = YES;
				CLANG_WARN_RANGE_LOOP_ANALYSIS = YES;
				CLANG_WARN_STRICT_PROTOTYPES = YES;
				CLANG_WARN_SUSPICIOUS_MOVE = YES;
				CLANG_WARN_UNGUARDED_AVAILABILITY = YES_AGGRESSIVE;
				CLANG_WARN_UNREACHABLE_CODE = YES;
				CLANG_WARN__DUPLICATE_METHOD_MATCH = YES;
				COPY_PHASE_STRIP = NO;
				DEBUG_INFORMATION_FORMAT = dwarf;
				ENABLE_STRICT_OBJC_MSGSEND = YES;
				ENABLE_TESTABILITY = YES;
				GCC_C_LANGUAGE_STANDARD = gnu11;
				GCC_DYNAMIC_NO_PIC = NO;
				GCC_NO_COMMON_BLOCKS = YES;
				GCC_OPTIMIZATION_LEVEL = 0;
				GCC_PREPROCESSOR_DEFINITIONS = (
					"DEBUG=1",
					"$(inherited)",
				);
				GCC_WARN_64_TO_32_BIT_CONVERSION = YES;
				GCC_WARN_ABOUT_RETURN_TYPE = YES_ERROR;
				GCC_WARN_UNDECLARED_SELECTOR = YES;
				GCC_WARN_UNINITIALIZED_AUTOS = YES_AGGRESSIVE;
				GCC_WARN_UNUSED_FUNCTION = YES;
				GCC_WARN_UNUSED_VARIABLE = YES;
				IPHONEOS_DEPLOYMENT_TARGET = 14.5;
				MTL_ENABLE_DEBUG_INFO = INCLUDE_SOURCE;
				MTL_FAST_MATH = YES;
				ONLY_ACTIVE_ARCH = YES;
				SDKROOT = iphoneos;
				SWIFT_ACTIVE_COMPILATION_CONDITIONS = DEBUG;
				SWIFT_OPTIMIZATION_LEVEL = "-Onone";
			};
			name = Debug;
		};
		AFC5337126982F3E00133359 /* Release */ = {
			isa = XCBuildConfiguration;
			buildSettings = {
				ALWAYS_SEARCH_USER_PATHS = NO;
				CLANG_ANALYZER_NONNULL = YES;
				CLANG_ANALYZER_NUMBER_OBJECT_CONVERSION = YES_AGGRESSIVE;
				CLANG_CXX_LANGUAGE_STANDARD = "gnu++14";
				CLANG_CXX_LIBRARY = "libc++";
				CLANG_ENABLE_MODULES = YES;
				CLANG_ENABLE_OBJC_ARC = YES;
				CLANG_ENABLE_OBJC_WEAK = YES;
				CLANG_WARN_BLOCK_CAPTURE_AUTORELEASING = YES;
				CLANG_WARN_BOOL_CONVERSION = YES;
				CLANG_WARN_COMMA = YES;
				CLANG_WARN_CONSTANT_CONVERSION = YES;
				CLANG_WARN_DEPRECATED_OBJC_IMPLEMENTATIONS = YES;
				CLANG_WARN_DIRECT_OBJC_ISA_USAGE = YES_ERROR;
				CLANG_WARN_DOCUMENTATION_COMMENTS = YES;
				CLANG_WARN_EMPTY_BODY = YES;
				CLANG_WARN_ENUM_CONVERSION = YES;
				CLANG_WARN_INFINITE_RECURSION = YES;
				CLANG_WARN_INT_CONVERSION = YES;
				CLANG_WARN_NON_LITERAL_NULL_CONVERSION = YES;
				CLANG_WARN_OBJC_IMPLICIT_RETAIN_SELF = YES;
				CLANG_WARN_OBJC_LITERAL_CONVERSION = YES;
				CLANG_WARN_OBJC_ROOT_CLASS = YES_ERROR;
				CLANG_WARN_QUOTED_INCLUDE_IN_FRAMEWORK_HEADER = YES;
				CLANG_WARN_RANGE_LOOP_ANALYSIS = YES;
				CLANG_WARN_STRICT_PROTOTYPES = YES;
				CLANG_WARN_SUSPICIOUS_MOVE = YES;
				CLANG_WARN_UNGUARDED_AVAILABILITY = YES_AGGRESSIVE;
				CLANG_WARN_UNREACHABLE_CODE = YES;
				CLANG_WARN__DUPLICATE_METHOD_MATCH = YES;
				COPY_PHASE_STRIP = NO;
				DEBUG_INFORMATION_FORMAT = "dwarf-with-dsym";
				ENABLE_NS_ASSERTIONS = NO;
				ENABLE_STRICT_OBJC_MSGSEND = YES;
				GCC_C_LANGUAGE_STANDARD = gnu11;
				GCC_NO_COMMON_BLOCKS = YES;
				GCC_WARN_64_TO_32_BIT_CONVERSION = YES;
				GCC_WARN_ABOUT_RETURN_TYPE = YES_ERROR;
				GCC_WARN_UNDECLARED_SELECTOR = YES;
				GCC_WARN_UNINITIALIZED_AUTOS = YES_AGGRESSIVE;
				GCC_WARN_UNUSED_FUNCTION = YES;
				GCC_WARN_UNUSED_VARIABLE = YES;
				IPHONEOS_DEPLOYMENT_TARGET = 14.5;
				MTL_ENABLE_DEBUG_INFO = NO;
				MTL_FAST_MATH = YES;
				SDKROOT = iphoneos;
				SWIFT_COMPILATION_MODE = wholemodule;
				SWIFT_OPTIMIZATION_LEVEL = "-O";
				VALIDATE_PRODUCT = YES;
			};
			name = Release;
		};
		AFC5337326982F3E00133359 /* Debug */ = {
			isa = XCBuildConfiguration;
			buildSettings = {
				ASSETCATALOG_COMPILER_APPICON_NAME = AppIcon;
				ASSETCATALOG_COMPILER_GLOBAL_ACCENT_COLOR_NAME = AccentColor;
				CODE_SIGN_STYLE = Automatic;
				DEVELOPMENT_TEAM = J4X2ZT4Y8T;
				INFOPLIST_FILE = HolidayCalenderAPI/Info.plist;
				LD_RUNPATH_SEARCH_PATHS = (
					"$(inherited)",
					"@executable_path/Frameworks",
				);
				PRODUCT_BUNDLE_IDENTIFIER = com.example.HolidayCalenderAPI;
				PRODUCT_NAME = "$(TARGET_NAME)";
				SWIFT_VERSION = 5.0;
				TARGETED_DEVICE_FAMILY = "1,2";
			};
			name = Debug;
		};
		AFC5337426982F3E00133359 /* Release */ = {
			isa = XCBuildConfiguration;
			buildSettings = {
				ASSETCATALOG_COMPILER_APPICON_NAME = AppIcon;
				ASSETCATALOG_COMPILER_GLOBAL_ACCENT_COLOR_NAME = AccentColor;
				CODE_SIGN_STYLE = Automatic;
				DEVELOPMENT_TEAM = J4X2ZT4Y8T;
				INFOPLIST_FILE = HolidayCalenderAPI/Info.plist;
				LD_RUNPATH_SEARCH_PATHS = (
					"$(inherited)",
					"@executable_path/Frameworks",
				);
				PRODUCT_BUNDLE_IDENTIFIER = com.example.HolidayCalenderAPI;
				PRODUCT_NAME = "$(TARGET_NAME)";
				SWIFT_VERSION = 5.0;
				TARGETED_DEVICE_FAMILY = "1,2";
			};
			name = Release;
		};
/* End XCBuildConfiguration section */

/* Begin XCConfigurationList section */
		AFC5335926982F3800133359 /* Build configuration list for PBXProject "HolidayCalenderAPI" */ = {
			isa = XCConfigurationList;
			buildConfigurations = (
				AFC5337026982F3E00133359 /* Debug */,
				AFC5337126982F3E00133359 /* Release */,
			);
			defaultConfigurationIsVisible = 0;
			defaultConfigurationName = Release;
		};
		AFC5337226982F3E00133359 /* Build configuration list for PBXNativeTarget "HolidayCalenderAPI" */ = {
			isa = XCConfigurationList;
			buildConfigurations = (
				AFC5337326982F3E00133359 /* Debug */,
				AFC5337426982F3E00133359 /* Release */,
			);
			defaultConfigurationIsVisible = 0;
			defaultConfigurationName = Release;
		};
/* End XCConfigurationList section */
	};
	rootObject = AFC5335626982F3800133359 /* Project object */;
}
