// !$*UTF8*$!
{
	archiveVersion = 1;
	classes = {
	};
	objectVersion = 50;
	objects = {

/* Begin PBXBuildFile section */
		AF67EAE1269D70FC008F346E /* AppDelegate.swift in Sources */ = {isa = PBXBuildFile; fileRef = AF67EAE0269D70FC008F346E /* AppDelegate.swift */; };
		AF67EAE3269D70FC008F346E /* SceneDelegate.swift in Sources */ = {isa = PBXBuildFile; fileRef = AF67EAE2269D70FC008F346E /* SceneDelegate.swift */; };
		AF67EAE5269D70FC008F346E /* ViewController.swift in Sources */ = {isa = PBXBuildFile; fileRef = AF67EAE4269D70FC008F346E /* ViewController.swift */; };
		AF67EAE8269D70FC008F346E /* Main.storyboard in Resources */ = {isa = PBXBuildFile; fileRef = AF67EAE6269D70FC008F346E /* Main.storyboard */; };
		AF67EAEA269D7102008F346E /* Assets.xcassets in Resources */ = {isa = PBXBuildFile; fileRef = AF67EAE9269D7102008F346E /* Assets.xcassets */; };
		AF67EAED269D7102008F346E /* LaunchScreen.storyboard in Resources */ = {isa = PBXBuildFile; fileRef = AF67EAEB269D7102008F346E /* LaunchScreen.storyboard */; };
		AF67EAF5269D81DE008F346E /* SelectionViewController.swift in Sources */ = {isa = PBXBuildFile; fileRef = AF67EAF4269D81DE008F346E /* SelectionViewController.swift */; };
/* End PBXBuildFile section */

/* Begin PBXFileReference section */
		AF67EADD269D70FC008F346E /* NotifycationCenter.app */ = {isa = PBXFileReference; explicitFileType = wrapper.application; includeInIndex = 0; path = NotifycationCenter.app; sourceTree = BUILT_PRODUCTS_DIR; };
		AF67EAE0269D70FC008F346E /* AppDelegate.swift */ = {isa = PBXFileReference; lastKnownFileType = sourcecode.swift; path = AppDelegate.swift; sourceTree = "<group>"; };
		AF67EAE2269D70FC008F346E /* SceneDelegate.swift */ = {isa = PBXFileReference; lastKnownFileType = sourcecode.swift; path = SceneDelegate.swift; sourceTree = "<group>"; };
		AF67EAE4269D70FC008F346E /* ViewController.swift */ = {isa = PBXFileReference; lastKnownFileType = sourcecode.swift; path = ViewController.swift; sourceTree = "<group>"; };
		AF67EAE7269D70FC008F346E /* Base */ = {isa = PBXFileReference; lastKnownFileType = file.storyboard; name = Base; path = Base.lproj/Main.storyboard; sourceTree = "<group>"; };
		AF67EAE9269D7102008F346E /* Assets.xcassets */ = {isa = PBXFileReference; lastKnownFileType = folder.assetcatalog; path = Assets.xcassets; sourceTree = "<group>"; };
		AF67EAEC269D7102008F346E /* Base */ = {isa = PBXFileReference; lastKnownFileType = file.storyboard; name = Base; path = Base.lproj/LaunchScreen.storyboard; sourceTree = "<group>"; };
		AF67EAEE269D7102008F346E /* Info.plist */ = {isa = PBXFileReference; lastKnownFileType = text.plist.xml; path = Info.plist; sourceTree = "<group>"; };
		AF67EAF4269D81DE008F346E /* SelectionViewController.swift */ = {isa = PBXFileReference; lastKnownFileType = sourcecode.swift; path = SelectionViewController.swift; sourceTree = "<group>"; };
/* End PBXFileReference section */

/* Begin PBXFrameworksBuildPhase section */
		AF67EADA269D70FC008F346E /* Frameworks */ = {
			isa = PBXFrameworksBuildPhase;
			buildActionMask = 2147483647;
			files = (
			);
			runOnlyForDeploymentPostprocessing = 0;
		};
/* End PBXFrameworksBuildPhase section */

/* Begin PBXGroup section */
		AF67EAD4269D70FB008F346E = {
			isa = PBXGroup;
			children = (
				AF67EADF269D70FC008F346E /* NotifycationCenter */,
				AF67EADE269D70FC008F346E /* Products */,
			);
			sourceTree = "<group>";
		};
		AF67EADE269D70FC008F346E /* Products */ = {
			isa = PBXGroup;
			children = (
				AF67EADD269D70FC008F346E /* NotifycationCenter.app */,
			);
			name = Products;
			sourceTree = "<group>";
		};
		AF67EADF269D70FC008F346E /* NotifycationCenter */ = {
			isa = PBXGroup;
			children = (
				AF67EAE0269D70FC008F346E /* AppDelegate.swift */,
				AF67EAE2269D70FC008F346E /* SceneDelegate.swift */,
				AF67EAE4269D70FC008F346E /* ViewController.swift */,
				AF67EAF4269D81DE008F346E /* SelectionViewController.swift */,
				AF67EAE6269D70FC008F346E /* Main.storyboard */,
				AF67EAE9269D7102008F346E /* Assets.xcassets */,
				AF67EAEB269D7102008F346E /* LaunchScreen.storyboard */,
				AF67EAEE269D7102008F346E /* Info.plist */,
			);
			path = NotifycationCenter;
			sourceTree = "<group>";
		};
/* End PBXGroup section */

/* Begin PBXNativeTarget section */
		AF67EADC269D70FC008F346E /* NotifycationCenter */ = {
			isa = PBXNativeTarget;
			buildConfigurationList = AF67EAF1269D7102008F346E /* Build configuration list for PBXNativeTarget "NotifycationCenter" */;
			buildPhases = (
				AF67EAD9269D70FC008F346E /* Sources */,
				AF67EADA269D70FC008F346E /* Frameworks */,
				AF67EADB269D70FC008F346E /* Resources */,
			);
			buildRules = (
			);
			dependencies = (
			);
			name = NotifycationCenter;
			productName = NotifycationCenter;
			productReference = AF67EADD269D70FC008F346E /* NotifycationCenter.app */;
			productType = "com.apple.product-type.application";
		};
/* End PBXNativeTarget section */

/* Begin PBXProject section */
		AF67EAD5269D70FB008F346E /* Project object */ = {
			isa = PBXProject;
			attributes = {
				LastSwiftUpdateCheck = 1250;
				LastUpgradeCheck = 1250;
				TargetAttributes = {
					AF67EADC269D70FC008F346E = {
						CreatedOnToolsVersion = 12.5;
					};
				};
			};
			buildConfigurationList = AF67EAD8269D70FB008F346E /* Build configuration list for PBXProject "NotifycationCenter" */;
			compatibilityVersion = "Xcode 9.3";
			developmentRegion = en;
			hasScannedForEncodings = 0;
			knownRegions = (
				en,
				Base,
			);
			mainGroup = AF67EAD4269D70FB008F346E;
			productRefGroup = AF67EADE269D70FC008F346E /* Products */;
			projectDirPath = "";
			projectRoot = "";
			targets = (
				AF67EADC269D70FC008F346E /* NotifycationCenter */,
			);
		};
/* End PBXProject section */

/* Begin PBXResourcesBuildPhase section */
		AF67EADB269D70FC008F346E /* Resources */ = {
			isa = PBXResourcesBuildPhase;
			buildActionMask = 2147483647;
			files = (
				AF67EAED269D7102008F346E /* LaunchScreen.storyboard in Resources */,
				AF67EAEA269D7102008F346E /* Assets.xcassets in Resources */,
				AF67EAE8269D70FC008F346E /* Main.storyboard in Resources */,
			);
			runOnlyForDeploymentPostprocessing = 0;
		};
/* End PBXResourcesBuildPhase section */

/* Begin PBXSourcesBuildPhase section */
		AF67EAD9269D70FC008F346E /* Sources */ = {
			isa = PBXSourcesBuildPhase;
			buildActionMask = 2147483647;
			files = (
				AF67EAE5269D70FC008F346E /* ViewController.swift in Sources */,
				AF67EAF5269D81DE008F346E /* SelectionViewController.swift in Sources */,
				AF67EAE1269D70FC008F346E /* AppDelegate.swift in Sources */,
				AF67EAE3269D70FC008F346E /* SceneDelegate.swift in Sources */,
			);
			runOnlyForDeploymentPostprocessing = 0;
		};
/* End PBXSourcesBuildPhase section */

/* Begin PBXVariantGroup section */
		AF67EAE6269D70FC008F346E /* Main.storyboard */ = {
			isa = PBXVariantGroup;
			children = (
				AF67EAE7269D70FC008F346E /* Base */,
			);
			name = Main.storyboard;
			sourceTree = "<group>";
		};
		AF67EAEB269D7102008F346E /* LaunchScreen.storyboard */ = {
			isa = PBXVariantGroup;
			children = (
				AF67EAEC269D7102008F346E /* Base */,
			);
			name = LaunchScreen.storyboard;
			sourceTree = "<group>";
		};
/* End PBXVariantGroup section */

/* Begin XCBuildConfiguration section */
		AF67EAEF269D7102008F346E /* Debug */ = {
			isa = XCBuildConfiguration;
			buildSettings = {
				ALWAYS_SEARCH_USER_PATHS = NO;
				CLANG_ANALYZER_NONNULL = YES;
				CLANG_ANALYZER_NUMBER_OBJECT_CONVERSION = YES_AGGRESSIVE;
				CLANG_CXX_LANGUAGE_STANDARD = "gnu++14";
				CLANG_CXX_LIBRARY = "libc++";
				CLANG_ENABLE_MODULES = YES;
				CLANG_ENABLE_OBJC_ARC = YES;
				CLANG_ENABLE_OBJC_WEAK = YES;
				CLANG_WARN_BLOCK_CAPTURE_AUTORELEASING = YES;
				CLANG_WARN_BOOL_CONVERSION = YES;
				CLANG_WARN_COMMA = YES;
				CLANG_WARN_CONSTANT_CONVERSION = YES;
				CLANG_WARN_DEPRECATED_OBJC_IMPLEMENTATIONS = YES;
				CLANG_WARN_DIRECT_OBJC_ISA_USAGE = YES_ERROR;
				CLANG_WARN_DOCUMENTATION_COMMENTS = YES;
				CLANG_WARN_EMPTY_BODY = YES;
				CLANG_WARN_ENUM_CONVERSION = YES;
				CLANG_WARN_INFINITE_RECURSION = YES;
				CLANG_WARN_INT_CONVERSION = YES;
				CLANG_WARN_NON_LITERAL_NULL_CONVERSION = YES;
				CLANG_WARN_OBJC_IMPLICIT_RETAIN_SELF = YES;
				CLANG_WARN_OBJC_LITERAL_CONVERSION = YES;
				CLANG_WARN_OBJC_ROOT_CLASS = YES_ERROR;
				CLANG_WARN_QUOTED_INCLUDE_IN_FRAMEWORK_HEADER = YES;
				CLANG_WARN_RANGE_LOOP_ANALYSIS = YES;
				CLANG_WARN_STRICT_PROTOTYPES = YES;
				CLANG_WARN_SUSPICIOUS_MOVE = YES;
				CLANG_WARN_UNGUARDED_AVAILABILITY = YES_AGGRESSIVE;
				CLANG_WARN_UNREACHABLE_CODE = YES;
				CLANG_WARN__DUPLICATE_METHOD_MATCH = YES;
				COPY_PHASE_STRIP = NO;
				DEBUG_INFORMATION_FORMAT = dwarf;
				ENABLE_STRICT_OBJC_MSGSEND = YES;
				ENABLE_TESTABILITY = YES;
				GCC_C_LANGUAGE_STANDARD = gnu11;
				GCC_DYNAMIC_NO_PIC = NO;
				GCC_NO_COMMON_BLOCKS = YES;
				GCC_OPTIMIZATION_LEVEL = 0;
				GCC_PREPROCESSOR_DEFINITIONS = (
					"DEBUG=1",
					"$(inherited)",
				);
				GCC_WARN_64_TO_32_BIT_CONVERSION = YES;
				GCC_WARN_ABOUT_RETURN_TYPE = YES_ERROR;
				GCC_WARN_UNDECLARED_SELECTOR = YES;
				GCC_WARN_UNINITIALIZED_AUTOS = YES_AGGRESSIVE;
				GCC_WARN_UNUSED_FUNCTION = YES;
				GCC_WARN_UNUSED_VARIABLE = YES;
				IPHONEOS_DEPLOYMENT_TARGET = 14.5;
				MTL_ENABLE_DEBUG_INFO = INCLUDE_SOURCE;
				MTL_FAST_MATH = YES;
				ONLY_ACTIVE_ARCH = YES;
				SDKROOT = iphoneos;
				SWIFT_ACTIVE_COMPILATION_CONDITIONS = DEBUG;
				SWIFT_OPTIMIZATION_LEVEL = "-Onone";
			};
			name = Debug;
		};
		AF67EAF0269D7102008F346E /* Release */ = {
			isa = XCBuildConfiguration;
			buildSettings = {
				ALWAYS_SEARCH_USER_PATHS = NO;
				CLANG_ANALYZER_NONNULL = YES;
				CLANG_ANALYZER_NUMBER_OBJECT_CONVERSION = YES_AGGRESSIVE;
				CLANG_CXX_LANGUAGE_STANDARD = "gnu++14";
				CLANG_CXX_LIBRARY = "libc++";
				CLANG_ENABLE_MODULES = YES;
				CLANG_ENABLE_OBJC_ARC = YES;
				CLANG_ENABLE_OBJC_WEAK = YES;
				CLANG_WARN_BLOCK_CAPTURE_AUTORELEASING = YES;
				CLANG_WARN_BOOL_CONVERSION = YES;
				CLANG_WARN_COMMA = YES;
				CLANG_WARN_CONSTANT_CONVERSION = YES;
				CLANG_WARN_DEPRECATED_OBJC_IMPLEMENTATIONS = YES;
				CLANG_WARN_DIRECT_OBJC_ISA_USAGE = YES_ERROR;
				CLANG_WARN_DOCUMENTATION_COMMENTS = YES;
				CLANG_WARN_EMPTY_BODY = YES;
				CLANG_WARN_ENUM_CONVERSION = YES;
				CLANG_WARN_INFINITE_RECURSION = YES;
				CLANG_WARN_INT_CONVERSION = YES;
				CLANG_WARN_NON_LITERAL_NULL_CONVERSION = YES;
				CLANG_WARN_OBJC_IMPLICIT_RETAIN_SELF = YES;
				CLANG_WARN_OBJC_LITERAL_CONVERSION = YES;
				CLANG_WARN_OBJC_ROOT_CLASS = YES_ERROR;
				CLANG_WARN_QUOTED_INCLUDE_IN_FRAMEWORK_HEADER = YES;
				CLANG_WARN_RANGE_LOOP_ANALYSIS = YES;
				CLANG_WARN_STRICT_PROTOTYPES = YES;
				CLANG_WARN_SUSPICIOUS_MOVE = YES;
				CLANG_WARN_UNGUARDED_AVAILABILITY = YES_AGGRESSIVE;
				CLANG_WARN_UNREACHABLE_CODE = YES;
				CLANG_WARN__DUPLICATE_METHOD_MATCH = YES;
				COPY_PHASE_STRIP = NO;
				DEBUG_INFORMATION_FORMAT = "dwarf-with-dsym";
				ENABLE_NS_ASSERTIONS = NO;
				ENABLE_STRICT_OBJC_MSGSEND = YES;
				GCC_C_LANGUAGE_STANDARD = gnu11;
				GCC_NO_COMMON_BLOCKS = YES;
				GCC_WARN_64_TO_32_BIT_CONVERSION = YES;
				GCC_WARN_ABOUT_RETURN_TYPE = YES_ERROR;
				GCC_WARN_UNDECLARED_SELECTOR = YES;
				GCC_WARN_UNINITIALIZED_AUTOS = YES_AGGRESSIVE;
				GCC_WARN_UNUSED_FUNCTION = YES;
				GCC_WARN_UNUSED_VARIABLE = YES;
				IPHONEOS_DEPLOYMENT_TARGET = 14.5;
				MTL_ENABLE_DEBUG_INFO = NO;
				MTL_FAST_MATH = YES;
				SDKROOT = iphoneos;
				SWIFT_COMPILATION_MODE = wholemodule;
				SWIFT_OPTIMIZATION_LEVEL = "-O";
				VALIDATE_PRODUCT = YES;
			};
			name = Release;
		};
		AF67EAF2269D7102008F346E /* Debug */ = {
			isa = XCBuildConfiguration;
			buildSettings = {
				ASSETCATALOG_COMPILER_APPICON_NAME = AppIcon;
				ASSETCATALOG_COMPILER_GLOBAL_ACCENT_COLOR_NAME = AccentColor;
				CODE_SIGN_STYLE = Automatic;
				DEVELOPMENT_TEAM = J4X2ZT4Y8T;
				INFOPLIST_FILE = NotifycationCenter/Info.plist;
				LD_RUNPATH_SEARCH_PATHS = (
					"$(inherited)",
					"@executable_path/Frameworks",
				);
				PRODUCT_BUNDLE_IDENTIFIER = com.example.NotifycationCenter;
				PRODUCT_NAME = "$(TARGET_NAME)";
				SWIFT_VERSION = 5.0;
				TARGETED_DEVICE_FAMILY = "1,2";
			};
			name = Debug;
		};
		AF67EAF3269D7102008F346E /* Release */ = {
			isa = XCBuildConfiguration;
			buildSettings = {
				ASSETCATALOG_COMPILER_APPICON_NAME = AppIcon;
				ASSETCATALOG_COMPILER_GLOBAL_ACCENT_COLOR_NAME = AccentColor;
				CODE_SIGN_STYLE = Automatic;
				DEVELOPMENT_TEAM = J4X2ZT4Y8T;
				INFOPLIST_FILE = NotifycationCenter/Info.plist;
				LD_RUNPATH_SEARCH_PATHS = (
					"$(inherited)",
					"@executable_path/Frameworks",
				);
				PRODUCT_BUNDLE_IDENTIFIER = com.example.NotifycationCenter;
				PRODUCT_NAME = "$(TARGET_NAME)";
				SWIFT_VERSION = 5.0;
				TARGETED_DEVICE_FAMILY = "1,2";
			};
			name = Release;
		};
/* End XCBuildConfiguration section */

/* Begin XCConfigurationList section */
		AF67EAD8269D70FB008F346E /* Build configuration list for PBXProject "NotifycationCenter" */ = {
			isa = XCConfigurationList;
			buildConfigurations = (
				AF67EAEF269D7102008F346E /* Debug */,
				AF67EAF0269D7102008F346E /* Release */,
			);
			defaultConfigurationIsVisible = 0;
			defaultConfigurationName = Release;
		};
		AF67EAF1269D7102008F346E /* Build configuration list for PBXNativeTarget "NotifycationCenter" */ = {
			isa = XCConfigurationList;
			buildConfigurations = (
				AF67EAF2269D7102008F346E /* Debug */,
				AF67EAF3269D7102008F346E /* Release */,
			);
			defaultConfigurationIsVisible = 0;
			defaultConfigurationName = Release;
		};
/* End XCConfigurationList section */
	};
	rootObject = AF67EAD5269D70FB008F346E /* Project object */;
}
